
Microsoft Visual Studio Solution File, Format Version 12.00
# Visual Studio 15
VisualStudioVersion = 15.0.28010.0
MinimumVisualStudioVersion = 10.0.40219.1
Project("{FAE04EC0-301F-11D3-BF4B-00C04F79EFBC}") = "arcturus", "WindowsFormsApp1\arcturus.csproj", "{1711770D-0162-42AD-B496-9E7880CDDCE0}"
EndProject
Global
	GlobalSection(SolutionConfigurationPlatforms) = preSolution
		Debug|Any CPU = Debug|Any CPU
		Release|Any CPU = Release|Any CPU
	EndGlobalSection
	GlobalSection(ProjectConfigurationPlatforms) = postSolution
		{1711770D-0162-42AD-B496-9E7880CDDCE0}.Debug|Any CPU.ActiveCfg = Debug|Any CPU
		{1711770D-0162-42AD-B496-9E7880CDDCE0}.Debug|Any CPU.Build.0 = Debug|Any CPU
		{1711770D-0162-42AD-B496-9E7880CDDCE0}.Release|Any CPU.ActiveCfg = Release|Any CPU
		{1711770D-0162-42AD-B496-9E7880CDDCE0}.Release|Any CPU.Build.0 = Release|Any CPU
	EndGlobalSection
	GlobalSection(SolutionProperties) = preSolution
		HideSolutionNode = FALSE
	EndGlobalSection
	GlobalSection(ExtensibilityGlobals) = postSolution
		SolutionGuid = {EC0DA85E-D28B-4B3A-A126-219C2033679E}
	EndGlobalSection
EndGlobal
